
Microsoft Visual Studio Solution File, Format Version 12.00
# Visual Studio 15
VisualStudioVersion = 15.0.28307.1259
MinimumVisualStudioVersion = 10.0.40219.1
Project("{FAE04EC0-301F-11D3-BF4B-00C04F79EFBC}") = "Server_Muhammad Rifal_20180140121", "ServerdanClient_Muhammad Rifal_20180140121\Server_Muhammad Rifal_20180140121.csproj", "{1014D601-00CA-425C-89E1-A9CAA46292F5}"
EndProject
Project("{FAE04EC0-301F-11D3-BF4B-00C04F79EFBC}") = "Client_Muhammad Rifal_20180140121", "Client_Muhammad Rifal_20180140121\Client_Muhammad Rifal_20180140121.csproj", "{A30C3B7A-CEC5-4310-AC4C-7C043C9264D7}"
EndProject
Global
	GlobalSection(SolutionConfigurationPlatforms) = preSolution
		Debug|Any CPU = Debug|Any CPU
		Release|Any CPU = Release|Any CPU
	EndGlobalSection
	GlobalSection(ProjectConfigurationPlatforms) = postSolution
		{1014D601-00CA-425C-89E1-A9CAA46292F5}.Debug|Any CPU.ActiveCfg = Debug|Any CPU
		{1014D601-00CA-425C-89E1-A9CAA46292F5}.Debug|Any CPU.Build.0 = Debug|Any CPU
		{1014D601-00CA-425C-89E1-A9CAA46292F5}.Release|Any CPU.ActiveCfg = Release|Any CPU
		{1014D601-00CA-425C-89E1-A9CAA46292F5}.Release|Any CPU.Build.0 = Release|Any CPU
		{A30C3B7A-CEC5-4310-AC4C-7C043C9264D7}.Debug|Any CPU.ActiveCfg = Debug|Any CPU
		{A30C3B7A-CEC5-4310-AC4C-7C043C9264D7}.Debug|Any CPU.Build.0 = Debug|Any CPU
		{A30C3B7A-CEC5-4310-AC4C-7C043C9264D7}.Release|Any CPU.ActiveCfg = Release|Any CPU
		{A30C3B7A-CEC5-4310-AC4C-7C043C9264D7}.Release|Any CPU.Build.0 = Release|Any CPU
	EndGlobalSection
	GlobalSection(SolutionProperties) = preSolution
		HideSolutionNode = FALSE
	EndGlobalSection
	GlobalSection(ExtensibilityGlobals) = postSolution
		SolutionGuid = {76EF5E2E-796D-429E-B457-2931A03836EE}
	EndGlobalSection
EndGlobal
